
Microsoft Visual Studio Solution File, Format Version 12.00
# Visual Studio Version 16
VisualStudioVersion = 16.0.31624.102
MinimumVisualStudioVersion = 10.0.40219.1
Project("{FAE04EC0-301F-11D3-BF4B-00C04F79EFBC}") = "dbquery", "dbquery\dbquery.csproj", "{A92300BF-C560-4C47-B6F7-FFEA26084C77}"
EndProject
Global
	GlobalSection(SolutionConfigurationPlatforms) = preSolution
		Debug|Any CPU = Debug|Any CPU
		Release|Any CPU = Release|Any CPU
	EndGlobalSection
	GlobalSection(ProjectConfigurationPlatforms) = postSolution
		{A92300BF-C560-4C47-B6F7-FFEA26084C77}.Debug|Any CPU.ActiveCfg = Debug|Any CPU
		{A92300BF-C560-4C47-B6F7-FFEA26084C77}.Debug|Any CPU.Build.0 = Debug|Any CPU
		{A92300BF-C560-4C47-B6F7-FFEA26084C77}.Release|Any CPU.ActiveCfg = Release|Any CPU
		{A92300BF-C560-4C47-B6F7-FFEA26084C77}.Release|Any CPU.Build.0 = Release|Any CPU
	EndGlobalSection
	GlobalSection(SolutionProperties) = preSolution
		HideSolutionNode = FALSE
	EndGlobalSection
	GlobalSection(ExtensibilityGlobals) = postSolution
		SolutionGuid = {75BD2B96-253D-437B-8EF3-15450FB1EC1A}
	EndGlobalSection
EndGlobal
